// !$*UTF8*$!
{
	archiveVersion = 1;
	classes = {
	};
	objectVersion = 56;
	objects = {

/* Begin PBXBuildFile section */
		E104D8D92C69D3D600D62FAE /* AppDelegate.swift in Sources */ = {isa = PBXBuildFile; fileRef = E104D8D82C69D3D600D62FAE /* AppDelegate.swift */; };
		E104D8DB2C69D3D600D62FAE /* SceneDelegate.swift in Sources */ = {isa = PBXBuildFile; fileRef = E104D8DA2C69D3D600D62FAE /* SceneDelegate.swift */; };
		E104D8DD2C69D3D600D62FAE /* WeatherViewController.swift in Sources */ = {isa = PBXBuildFile; fileRef = E104D8DC2C69D3D600D62FAE /* WeatherViewController.swift */; };
		E104D8E02C69D3D600D62FAE /* Base in Resources */ = {isa = PBXBuildFile; fileRef = E104D8DF2C69D3D600D62FAE /* Base */; };
		E104D8E22C69D3D800D62FAE /* Assets.xcassets in Resources */ = {isa = PBXBuildFile; fileRef = E104D8E12C69D3D800D62FAE /* Assets.xcassets */; };
		E104D8E52C69D3D800D62FAE /* Base in Resources */ = {isa = PBXBuildFile; fileRef = E104D8E42C69D3D800D62FAE /* Base */; };
		E150072A2CC1291E00374669 /* WeatherManager.swift in Sources */ = {isa = PBXBuildFile; fileRef = E15007292CC1291E00374669 /* WeatherManager.swift */; };
		E150072C2CC12A5800374669 /* WeatherModel.swift in Sources */ = {isa = PBXBuildFile; fileRef = E150072B2CC12A5800374669 /* WeatherModel.swift */; };
		E150072E2CC12BDB00374669 /* WeatherData.swift in Sources */ = {isa = PBXBuildFile; fileRef = E150072D2CC12BDB00374669 /* WeatherData.swift */; };
/* End PBXBuildFile section */

/* Begin PBXFileReference section */
		E104D8D52C69D3D600D62FAE /* WeatherNow.app */ = {isa = PBXFileReference; explicitFileType = wrapper.application; includeInIndex = 0; path = WeatherNow.app; sourceTree = BUILT_PRODUCTS_DIR; };
		E104D8D82C69D3D600D62FAE /* AppDelegate.swift */ = {isa = PBXFileReference; lastKnownFileType = sourcecode.swift; path = AppDelegate.swift; sourceTree = "<group>"; };
		E104D8DA2C69D3D600D62FAE /* SceneDelegate.swift */ = {isa = PBXFileReference; lastKnownFileType = sourcecode.swift; path = SceneDelegate.swift; sourceTree = "<group>"; };
		E104D8DC2C69D3D600D62FAE /* WeatherViewController.swift */ = {isa = PBXFileReference; lastKnownFileType = sourcecode.swift; path = WeatherViewController.swift; sourceTree = "<group>"; };
		E104D8DF2C69D3D600D62FAE /* Base */ = {isa = PBXFileReference; lastKnownFileType = file.storyboard; name = Base; path = Base.lproj/Main.storyboard; sourceTree = "<group>"; };
		E104D8E12C69D3D800D62FAE /* Assets.xcassets */ = {isa = PBXFileReference; lastKnownFileType = folder.assetcatalog; path = Assets.xcassets; sourceTree = "<group>"; };
		E104D8E42C69D3D800D62FAE /* Base */ = {isa = PBXFileReference; lastKnownFileType = file.storyboard; name = Base; path = Base.lproj/LaunchScreen.storyboard; sourceTree = "<group>"; };
		E104D8E62C69D3D800D62FAE /* Info.plist */ = {isa = PBXFileReference; lastKnownFileType = text.plist.xml; path = Info.plist; sourceTree = "<group>"; };
		E15007292CC1291E00374669 /* WeatherManager.swift */ = {isa = PBXFileReference; lastKnownFileType = sourcecode.swift; path = WeatherManager.swift; sourceTree = "<group>"; };
		E150072B2CC12A5800374669 /* WeatherModel.swift */ = {isa = PBXFileReference; lastKnownFileType = sourcecode.swift; path = WeatherModel.swift; sourceTree = "<group>"; };
		E150072D2CC12BDB00374669 /* WeatherData.swift */ = {isa = PBXFileReference; lastKnownFileType = sourcecode.swift; path = WeatherData.swift; sourceTree = "<group>"; };
		E1E8C3102CCC0F1D007CB66D /* Keys.xcconfig */ = {isa = PBXFileReference; lastKnownFileType = text.xcconfig; path = Keys.xcconfig; sourceTree = "<group>"; };
		E1E8C3122CCC115F007CB66D /* WeatherViewController.swift */ = {isa = PBXFileReference; lastKnownFileType = sourcecode.swift; path = WeatherViewController.swift; sourceTree = "<group>"; };
		E1E8C3142CCC115F007CB66D /* WeatherData.swift */ = {isa = PBXFileReference; lastKnownFileType = sourcecode.swift; path = WeatherData.swift; sourceTree = "<group>"; };
		E1E8C3152CCC115F007CB66D /* WeatherManager.swift */ = {isa = PBXFileReference; lastKnownFileType = sourcecode.swift; path = WeatherManager.swift; sourceTree = "<group>"; };
		E1E8C3162CCC115F007CB66D /* WeatherModel.swift */ = {isa = PBXFileReference; lastKnownFileType = sourcecode.swift; path = WeatherModel.swift; sourceTree = "<group>"; };
		E1E8C3182CCC115F007CB66D /* Base */ = {isa = PBXFileReference; lastKnownFileType = file.storyboard; name = Base; path = Base.lproj/LaunchScreen.storyboard; sourceTree = "<group>"; };
		E1E8C31A2CCC115F007CB66D /* Base */ = {isa = PBXFileReference; lastKnownFileType = file.storyboard; name = Base; path = Base.lproj/Main.storyboard; sourceTree = "<group>"; };
		E1E8C31D2CCC115F007CB66D /* AppDelegate.swift */ = {isa = PBXFileReference; lastKnownFileType = sourcecode.swift; path = AppDelegate.swift; sourceTree = "<group>"; };
		E1E8C31E2CCC115F007CB66D /* Assets.xcassets */ = {isa = PBXFileReference; lastKnownFileType = folder.assetcatalog; path = Assets.xcassets; sourceTree = "<group>"; };
		E1E8C31F2CCC115F007CB66D /* Info.plist */ = {isa = PBXFileReference; lastKnownFileType = text.plist.xml; path = Info.plist; sourceTree = "<group>"; };
		E1E8C3202CCC115F007CB66D /* Keys.xcconfig */ = {isa = PBXFileReference; lastKnownFileType = text.xcconfig; path = Keys.xcconfig; sourceTree = "<group>"; };
		E1E8C3212CCC115F007CB66D /* SceneDelegate.swift */ = {isa = PBXFileReference; lastKnownFileType = sourcecode.swift; path = SceneDelegate.swift; sourceTree = "<group>"; };
/* End PBXFileReference section */

/* Begin PBXFrameworksBuildPhase section */
		E104D8D22C69D3D600D62FAE /* Frameworks */ = {
			isa = PBXFrameworksBuildPhase;
			buildActionMask = 2147483647;
			files = (
			);
			runOnlyForDeploymentPostprocessing = 0;
		};
/* End PBXFrameworksBuildPhase section */

/* Begin PBXGroup section */
		E104D8CC2C69D3D600D62FAE = {
			isa = PBXGroup;
			children = (
				E104D8D72C69D3D600D62FAE /* WeatherNow */,
				E104D8D62C69D3D600D62FAE /* Products */,
				E1E8C3222CCC115F007CB66D /* WeatherNow */,
			);
			sourceTree = "<group>";
		};
		E104D8D62C69D3D600D62FAE /* Products */ = {
			isa = PBXGroup;
			children = (
				E104D8D52C69D3D600D62FAE /* WeatherNow.app */,
			);
			name = Products;
			sourceTree = "<group>";
		};
		E104D8D72C69D3D600D62FAE /* WeatherNow */ = {
			isa = PBXGroup;
			children = (
				E104D8D82C69D3D600D62FAE /* AppDelegate.swift */,
				E1E8C3102CCC0F1D007CB66D /* Keys.xcconfig */,
				E104D8DA2C69D3D600D62FAE /* SceneDelegate.swift */,
				E104D8ED2C69D40400D62FAE /* Models */,
				E104D8EE2C69D40B00D62FAE /* Controllers */,
				E104D8EC2C69D3FE00D62FAE /* Views */,
				E104D8E12C69D3D800D62FAE /* Assets.xcassets */,
				E104D8E62C69D3D800D62FAE /* Info.plist */,
			);
			path = WeatherNow;
			sourceTree = "<group>";
		};
		E104D8EC2C69D3FE00D62FAE /* Views */ = {
			isa = PBXGroup;
			children = (
				E104D8DE2C69D3D600D62FAE /* Main.storyboard */,
				E104D8E32C69D3D800D62FAE /* LaunchScreen.storyboard */,
			);
			path = Views;
			sourceTree = "<group>";
		};
		E104D8ED2C69D40400D62FAE /* Models */ = {
			isa = PBXGroup;
			children = (
				E15007292CC1291E00374669 /* WeatherManager.swift */,
				E150072D2CC12BDB00374669 /* WeatherData.swift */,
				E150072B2CC12A5800374669 /* WeatherModel.swift */,
			);
			path = Models;
			sourceTree = "<group>";
		};
		E104D8EE2C69D40B00D62FAE /* Controllers */ = {
			isa = PBXGroup;
			children = (
				E104D8DC2C69D3D600D62FAE /* WeatherViewController.swift */,
			);
			path = Controllers;
			sourceTree = "<group>";
		};
		E1E8C3132CCC115F007CB66D /* Controllers */ = {
			isa = PBXGroup;
			children = (
				E1E8C3122CCC115F007CB66D /* WeatherViewController.swift */,
			);
			path = Controllers;
			sourceTree = "<group>";
		};
		E1E8C3172CCC115F007CB66D /* Models */ = {
			isa = PBXGroup;
			children = (
				E1E8C3142CCC115F007CB66D /* WeatherData.swift */,
				E1E8C3152CCC115F007CB66D /* WeatherManager.swift */,
				E1E8C3162CCC115F007CB66D /* WeatherModel.swift */,
			);
			path = Models;
			sourceTree = "<group>";
		};
		E1E8C31C2CCC115F007CB66D /* Views */ = {
			isa = PBXGroup;
			children = (
				E1E8C3192CCC115F007CB66D /* LaunchScreen.storyboard */,
				E1E8C31B2CCC115F007CB66D /* Main.storyboard */,
			);
			path = Views;
			sourceTree = "<group>";
		};
		E1E8C3222CCC115F007CB66D /* WeatherNow */ = {
			isa = PBXGroup;
			children = (
				E1E8C3132CCC115F007CB66D /* Controllers */,
				E1E8C3172CCC115F007CB66D /* Models */,
				E1E8C31C2CCC115F007CB66D /* Views */,
				E1E8C31D2CCC115F007CB66D /* AppDelegate.swift */,
				E1E8C31E2CCC115F007CB66D /* Assets.xcassets */,
				E1E8C31F2CCC115F007CB66D /* Info.plist */,
				E1E8C3202CCC115F007CB66D /* Keys.xcconfig */,
				E1E8C3212CCC115F007CB66D /* SceneDelegate.swift */,
			);
			path = WeatherNow;
			sourceTree = "<group>";
		};
/* End PBXGroup section */

/* Begin PBXNativeTarget section */
		E104D8D42C69D3D600D62FAE /* WeatherNow */ = {
			isa = PBXNativeTarget;
			buildConfigurationList = E104D8E92C69D3D800D62FAE /* Build configuration list for PBXNativeTarget "WeatherNow" */;
			buildPhases = (
				E104D8D12C69D3D600D62FAE /* Sources */,
				E104D8D22C69D3D600D62FAE /* Frameworks */,
				E104D8D32C69D3D600D62FAE /* Resources */,
			);
			buildRules = (
			);
			dependencies = (
			);
			name = WeatherNow;
			productName = WeatherNow;
			productReference = E104D8D52C69D3D600D62FAE /* WeatherNow.app */;
			productType = "com.apple.product-type.application";
		};
/* End PBXNativeTarget section */

/* Begin PBXProject section */
		E104D8CD2C69D3D600D62FAE /* Project object */ = {
			isa = PBXProject;
			attributes = {
				BuildIndependentTargetsInParallel = 1;
				LastSwiftUpdateCheck = 1540;
				LastUpgradeCheck = 1600;
				TargetAttributes = {
					E104D8D42C69D3D600D62FAE = {
						CreatedOnToolsVersion = 15.4;
					};
				};
			};
			buildConfigurationList = E104D8D02C69D3D600D62FAE /* Build configuration list for PBXProject "WeatherNow" */;
			compatibilityVersion = "Xcode 14.0";
			developmentRegion = en;
			hasScannedForEncodings = 0;
			knownRegions = (
				en,
				Base,
			);
			mainGroup = E104D8CC2C69D3D600D62FAE;
			productRefGroup = E104D8D62C69D3D600D62FAE /* Products */;
			projectDirPath = "";
			projectRoot = "";
			targets = (
				E104D8D42C69D3D600D62FAE /* WeatherNow */,
			);
		};
/* End PBXProject section */

/* Begin PBXResourcesBuildPhase section */
		E104D8D32C69D3D600D62FAE /* Resources */ = {
			isa = PBXResourcesBuildPhase;
			buildActionMask = 2147483647;
			files = (
				E104D8E22C69D3D800D62FAE /* Assets.xcassets in Resources */,
				E104D8E52C69D3D800D62FAE /* Base in Resources */,
				E104D8E02C69D3D600D62FAE /* Base in Resources */,
			);
			runOnlyForDeploymentPostprocessing = 0;
		};
/* End PBXResourcesBuildPhase section */

/* Begin PBXSourcesBuildPhase section */
		E104D8D12C69D3D600D62FAE /* Sources */ = {
			isa = PBXSourcesBuildPhase;
			buildActionMask = 2147483647;
			files = (
				E104D8DD2C69D3D600D62FAE /* WeatherViewController.swift in Sources */,
				E104D8D92C69D3D600D62FAE /* AppDelegate.swift in Sources */,
				E150072A2CC1291E00374669 /* WeatherManager.swift in Sources */,
				E104D8DB2C69D3D600D62FAE /* SceneDelegate.swift in Sources */,
				E150072E2CC12BDB00374669 /* WeatherData.swift in Sources */,
				E150072C2CC12A5800374669 /* WeatherModel.swift in Sources */,
			);
			runOnlyForDeploymentPostprocessing = 0;
		};
/* End PBXSourcesBuildPhase section */

/* Begin PBXVariantGroup section */
		E104D8DE2C69D3D600D62FAE /* Main.storyboard */ = {
			isa = PBXVariantGroup;
			children = (
				E104D8DF2C69D3D600D62FAE /* Base */,
			);
			name = Main.storyboard;
			sourceTree = "<group>";
		};
		E104D8E32C69D3D800D62FAE /* LaunchScreen.storyboard */ = {
			isa = PBXVariantGroup;
			children = (
				E104D8E42C69D3D800D62FAE /* Base */,
			);
			name = LaunchScreen.storyboard;
			sourceTree = "<group>";
		};
		E1E8C3192CCC115F007CB66D /* LaunchScreen.storyboard */ = {
			isa = PBXVariantGroup;
			children = (
				E1E8C3182CCC115F007CB66D /* Base */,
			);
			name = LaunchScreen.storyboard;
			sourceTree = "<group>";
		};
		E1E8C31B2CCC115F007CB66D /* Main.storyboard */ = {
			isa = PBXVariantGroup;
			children = (
				E1E8C31A2CCC115F007CB66D /* Base */,
			);
			name = Main.storyboard;
			sourceTree = "<group>";
		};
/* End PBXVariantGroup section */

/* Begin XCBuildConfiguration section */
		E104D8E72C69D3D800D62FAE /* Debug */ = {
			isa = XCBuildConfiguration;
			baseConfigurationReference = E1E8C3202CCC115F007CB66D /* Keys.xcconfig */;
			buildSettings = {
				ALWAYS_SEARCH_USER_PATHS = NO;
				ASSETCATALOG_COMPILER_GENERATE_SWIFT_ASSET_SYMBOL_EXTENSIONS = YES;
				CLANG_ANALYZER_NONNULL = YES;
				CLANG_ANALYZER_NUMBER_OBJECT_CONVERSION = YES_AGGRESSIVE;
				CLANG_CXX_LANGUAGE_STANDARD = "gnu++20";
				CLANG_ENABLE_MODULES = YES;
				CLANG_ENABLE_OBJC_ARC = YES;
				CLANG_ENABLE_OBJC_WEAK = YES;
				CLANG_WARN_BLOCK_CAPTURE_AUTORELEASING = YES;
				CLANG_WARN_BOOL_CONVERSION = YES;
				CLANG_WARN_COMMA = YES;
				CLANG_WARN_CONSTANT_CONVERSION = YES;
				CLANG_WARN_DEPRECATED_OBJC_IMPLEMENTATIONS = YES;
				CLANG_WARN_DIRECT_OBJC_ISA_USAGE = YES_ERROR;
				CLANG_WARN_DOCUMENTATION_COMMENTS = YES;
				CLANG_WARN_EMPTY_BODY = YES;
				CLANG_WARN_ENUM_CONVERSION = YES;
				CLANG_WARN_INFINITE_RECURSION = YES;
				CLANG_WARN_INT_CONVERSION = YES;
				CLANG_WARN_NON_LITERAL_NULL_CONVERSION = YES;
				CLANG_WARN_OBJC_IMPLICIT_RETAIN_SELF = YES;
				CLANG_WARN_OBJC_LITERAL_CONVERSION = YES;
				CLANG_WARN_OBJC_ROOT_CLASS = YES_ERROR;
				CLANG_WARN_QUOTED_INCLUDE_IN_FRAMEWORK_HEADER = YES;
				CLANG_WARN_RANGE_LOOP_ANALYSIS = YES;
				CLANG_WARN_STRICT_PROTOTYPES = YES;
				CLANG_WARN_SUSPICIOUS_MOVE = YES;
				CLANG_WARN_UNGUARDED_AVAILABILITY = YES_AGGRESSIVE;
				CLANG_WARN_UNREACHABLE_CODE = YES;
				CLANG_WARN__DUPLICATE_METHOD_MATCH = YES;
				COPY_PHASE_STRIP = NO;
				DEBUG_INFORMATION_FORMAT = dwarf;
				ENABLE_STRICT_OBJC_MSGSEND = YES;
				ENABLE_TESTABILITY = YES;
				ENABLE_USER_SCRIPT_SANDBOXING = YES;
				GCC_C_LANGUAGE_STANDARD = gnu17;
				GCC_DYNAMIC_NO_PIC = NO;
				GCC_NO_COMMON_BLOCKS = YES;
				GCC_OPTIMIZATION_LEVEL = 0;
				GCC_PREPROCESSOR_DEFINITIONS = (
					"DEBUG=1",
					"$(inherited)",
				);
				GCC_WARN_64_TO_32_BIT_CONVERSION = YES;
				GCC_WARN_ABOUT_RETURN_TYPE = YES_ERROR;
				GCC_WARN_UNDECLARED_SELECTOR = YES;
				GCC_WARN_UNINITIALIZED_AUTOS = YES_AGGRESSIVE;
				GCC_WARN_UNUSED_FUNCTION = YES;
				GCC_WARN_UNUSED_VARIABLE = YES;
				IPHONEOS_DEPLOYMENT_TARGET = 17.5;
				LOCALIZATION_PREFERS_STRING_CATALOGS = YES;
				MTL_ENABLE_DEBUG_INFO = INCLUDE_SOURCE;
				MTL_FAST_MATH = YES;
				ONLY_ACTIVE_ARCH = YES;
				SDKROOT = iphoneos;
				SWIFT_ACTIVE_COMPILATION_CONDITIONS = "DEBUG $(inherited)";
				SWIFT_OPTIMIZATION_LEVEL = "-Onone";
			};
			name = Debug;
		};
		E104D8E82C69D3D800D62FAE /* Release */ = {
			isa = XCBuildConfiguration;
			baseConfigurationReference = E1E8C3102CCC0F1D007CB66D /* Keys.xcconfig */;
			buildSettings = {
				ALWAYS_SEARCH_USER_PATHS = NO;
				ASSETCATALOG_COMPILER_GENERATE_SWIFT_ASSET_SYMBOL_EXTENSIONS = YES;
				CLANG_ANALYZER_NONNULL = YES;
				CLANG_ANALYZER_NUMBER_OBJECT_CONVERSION = YES_AGGRESSIVE;
				CLANG_CXX_LANGUAGE_STANDARD = "gnu++20";
				CLANG_ENABLE_MODULES = YES;
				CLANG_ENABLE_OBJC_ARC = YES;
				CLANG_ENABLE_OBJC_WEAK = YES;
				CLANG_WARN_BLOCK_CAPTURE_AUTORELEASING = YES;
				CLANG_WARN_BOOL_CONVERSION = YES;
				CLANG_WARN_COMMA = YES;
				CLANG_WARN_CONSTANT_CONVERSION = YES;
				CLANG_WARN_DEPRECATED_OBJC_IMPLEMENTATIONS = YES;
				CLANG_WARN_DIRECT_OBJC_ISA_USAGE = YES_ERROR;
				CLANG_WARN_DOCUMENTATION_COMMENTS = YES;
				CLANG_WARN_EMPTY_BODY = YES;
				CLANG_WARN_ENUM_CONVERSION = YES;
				CLANG_WARN_INFINITE_RECURSION = YES;
				CLANG_WARN_INT_CONVERSION = YES;
				CLANG_WARN_NON_LITERAL_NULL_CONVERSION = YES;
				CLANG_WARN_OBJC_IMPLICIT_RETAIN_SELF = YES;
				CLANG_WARN_OBJC_LITERAL_CONVERSION = YES;
				CLANG_WARN_OBJC_ROOT_CLASS = YES_ERROR;
				CLANG_WARN_QUOTED_INCLUDE_IN_FRAMEWORK_HEADER = YES;
				CLANG_WARN_RANGE_LOOP_ANALYSIS = YES;
				CLANG_WARN_STRICT_PROTOTYPES = YES;
				CLANG_WARN_SUSPICIOUS_MOVE = YES;
				CLANG_WARN_UNGUARDED_AVAILABILITY = YES_AGGRESSIVE;
				CLANG_WARN_UNREACHABLE_CODE = YES;
				CLANG_WARN__DUPLICATE_METHOD_MATCH = YES;
				COPY_PHASE_STRIP = NO;
				DEBUG_INFORMATION_FORMAT = "dwarf-with-dsym";
				ENABLE_NS_ASSERTIONS = NO;
				ENABLE_STRICT_OBJC_MSGSEND = YES;
				ENABLE_USER_SCRIPT_SANDBOXING = YES;
				GCC_C_LANGUAGE_STANDARD = gnu17;
				GCC_NO_COMMON_BLOCKS = YES;
				GCC_WARN_64_TO_32_BIT_CONVERSION = YES;
				GCC_WARN_ABOUT_RETURN_TYPE = YES_ERROR;
				GCC_WARN_UNDECLARED_SELECTOR = YES;
				GCC_WARN_UNINITIALIZED_AUTOS = YES_AGGRESSIVE;
				GCC_WARN_UNUSED_FUNCTION = YES;
				GCC_WARN_UNUSED_VARIABLE = YES;
				IPHONEOS_DEPLOYMENT_TARGET = 17.5;
				LOCALIZATION_PREFERS_STRING_CATALOGS = YES;
				MTL_ENABLE_DEBUG_INFO = NO;
				MTL_FAST_MATH = YES;
				SDKROOT = iphoneos;
				SWIFT_COMPILATION_MODE = wholemodule;
				VALIDATE_PRODUCT = YES;
			};
			name = Release;
		};
		E104D8EA2C69D3D800D62FAE /* Debug */ = {
			isa = XCBuildConfiguration;
			baseConfigurationReference = E1E8C3202CCC115F007CB66D /* Keys.xcconfig */;
			buildSettings = {
				ASSETCATALOG_COMPILER_APPICON_NAME = AppIcon;
				ASSETCATALOG_COMPILER_GLOBAL_ACCENT_COLOR_NAME = AccentColor;
				CODE_SIGN_STYLE = Automatic;
				CURRENT_PROJECT_VERSION = 1;
				DEVELOPMENT_TEAM = U56N5M45L9;
				GENERATE_INFOPLIST_FILE = YES;
				INFOPLIST_FILE = WeatherNow/Info.plist;
				INFOPLIST_KEY_NSLocationWhenInUseUsageDescription = "We want your Location to find the weather of your city!";
				INFOPLIST_KEY_UIApplicationSupportsIndirectInputEvents = YES;
				INFOPLIST_KEY_UILaunchStoryboardName = LaunchScreen;
				INFOPLIST_KEY_UIMainStoryboardFile = Main;
				INFOPLIST_KEY_UIRequiresFullScreen = YES;
				INFOPLIST_KEY_UISupportedInterfaceOrientations = UIInterfaceOrientationPortrait;
				IPHONEOS_DEPLOYMENT_TARGET = 13.0;
				LD_RUNPATH_SEARCH_PATHS = (
					"$(inherited)",
					"@executable_path/Frameworks",
				);
				MARKETING_VERSION = 1.0;
				PRODUCT_BUNDLE_IDENTIFIER = xyz.walruii.WeatherNow;
				PRODUCT_NAME = "$(TARGET_NAME)";
				SWIFT_EMIT_LOC_STRINGS = YES;
				SWIFT_VERSION = 5.0;
				TARGETED_DEVICE_FAMILY = "1,2";
			};
			name = Debug;
		};
		E104D8EB2C69D3D800D62FAE /* Release */ = {
			isa = XCBuildConfiguration;
			baseConfigurationReference = E1E8C3202CCC115F007CB66D /* Keys.xcconfig */;
			buildSettings = {
				ASSETCATALOG_COMPILER_APPICON_NAME = AppIcon;
				ASSETCATALOG_COMPILER_GLOBAL_ACCENT_COLOR_NAME = AccentColor;
				CODE_SIGN_STYLE = Automatic;
				CURRENT_PROJECT_VERSION = 1;
				DEVELOPMENT_TEAM = U56N5M45L9;
				GENERATE_INFOPLIST_FILE = YES;
				INFOPLIST_FILE = WeatherNow/Info.plist;
				INFOPLIST_KEY_NSLocationWhenInUseUsageDescription = "We want your Location to find the weather of your city!";
				INFOPLIST_KEY_UIApplicationSupportsIndirectInputEvents = YES;
				INFOPLIST_KEY_UILaunchStoryboardName = LaunchScreen;
				INFOPLIST_KEY_UIMainStoryboardFile = Main;
				INFOPLIST_KEY_UIRequiresFullScreen = YES;
				INFOPLIST_KEY_UISupportedInterfaceOrientations = UIInterfaceOrientationPortrait;
				IPHONEOS_DEPLOYMENT_TARGET = 13.0;
				LD_RUNPATH_SEARCH_PATHS = (
					"$(inherited)",
					"@executable_path/Frameworks",
				);
				MARKETING_VERSION = 1.0;
				PRODUCT_BUNDLE_IDENTIFIER = xyz.walruii.WeatherNow;
				PRODUCT_NAME = "$(TARGET_NAME)";
				SWIFT_EMIT_LOC_STRINGS = YES;
				SWIFT_VERSION = 5.0;
				TARGETED_DEVICE_FAMILY = "1,2";
			};
			name = Release;
		};
/* End XCBuildConfiguration section */

/* Begin XCConfigurationList section */
		E104D8D02C69D3D600D62FAE /* Build configuration list for PBXProject "WeatherNow" */ = {
			isa = XCConfigurationList;
			buildConfigurations = (
				E104D8E72C69D3D800D62FAE /* Debug */,
				E104D8E82C69D3D800D62FAE /* Release */,
			);
			defaultConfigurationIsVisible = 0;
			defaultConfigurationName = Debug;
		};
		E104D8E92C69D3D800D62FAE /* Build configuration list for PBXNativeTarget "WeatherNow" */ = {
			isa = XCConfigurationList;
			buildConfigurations = (
				E104D8EA2C69D3D800D62FAE /* Debug */,
				E104D8EB2C69D3D800D62FAE /* Release */,
			);
			defaultConfigurationIsVisible = 0;
			defaultConfigurationName = Debug;
		};
/* End XCConfigurationList section */
	};
	rootObject = E104D8CD2C69D3D600D62FAE /* Project object */;
}
